{
  "name": "common",
  "version": "0.0.1",
  "lockfileVersion": 2,
  "requires": true,
  "packages": {
    "": {
      "name": "common",
      "version": "0.0.1",
      "license": "ISC",
      "dependencies": {
        "cpf-check": "^3.0.0"
      }
    },
    "node_modules/cpf-check": {
      "version": "3.0.0",
      "resolved": "https://registry.npmjs.org/cpf-check/-/cpf-check-3.0.0.tgz",
      "integrity": "sha512-IwUJdDJ57kheRXiO7govTBOcKsLK/AdDrVKfk6rYCCNDcOBUiY9zmUY0fWI4/S/oIpbhHWMcOD0O2DLawuwiBw=="
    }
  },
  "dependencies": {
    "cpf-check": {
      "version": "3.0.0",
      "resolved": "https://registry.npmjs.org/cpf-check/-/cpf-check-3.0.0.tgz",
      "integrity": "sha512-IwUJdDJ57kheRXiO7govTBOcKsLK/AdDrVKfk6rYCCNDcOBUiY9zmUY0fWI4/S/oIpbhHWMcOD0O2DLawuwiBw=="
    }
  }
}
