# THIS IS AN AUTOGENERATED FILE. DO NOT EDIT THIS FILE DIRECTLY.
# yarn lockfile v1


cpf-check@^3.0.0:
  version "3.0.0"
  resolved "https://registry.yarnpkg.com/cpf-check/-/cpf-check-3.0.0.tgz#7279a1f6998a9385da1386bbe427fbf78144b9ec"
  integrity sha512-IwUJdDJ57kheRXiO7govTBOcKsLK/AdDrVKfk6rYCCNDcOBUiY9zmUY0fWI4/S/oIpbhHWMcOD0O2DLawuwiBw==

yarn@^1.22.19:
  version "1.22.19"
  resolved "https://registry.yarnpkg.com/yarn/-/yarn-1.22.19.tgz#4ba7fc5c6e704fce2066ecbfb0b0d8976fe62447"
  integrity sha512-/0V5q0WbslqnwP91tirOvldvYISzaqhClxzyUKXYxs07yUILIs5jx/k6CFe8bvKSkds5w+eiOqta39Wk3WxdcQ==
