# THIS IS AN AUTOGENERATED FILE. DO NOT EDIT THIS FILE DIRECTLY.
# yarn lockfile v1


cpf-check@^3.0.0:
  version "3.0.0"
  resolved "https://registry.yarnpkg.com/cpf-check/-/cpf-check-3.0.0.tgz#7279a1f6998a9385da1386bbe427fbf78144b9ec"
  integrity sha512-IwUJdDJ57kheRXiO7govTBOcKsLK/AdDrVKfk6rYCCNDcOBUiY9zmUY0fWI4/S/oIpbhHWMcOD0O2DLawuwiBw==
